
Microsoft Visual Studio Solution File, Format Version 12.00
# Visual Studio Version 16
VisualStudioVersion = 16.0.30621.155
MinimumVisualStudioVersion = 10.0.40219.1
Project("{FAE04EC0-301F-11D3-BF4B-00C04F79EFBC}") = "WebCon.ImportSubstitutionsApplication", "WebCon.ImportSubstitutionsApplication.csproj", "{D27FC5E7-BEC0-41CD-BCE1-A57AE88C5025}"
EndProject
Global
	GlobalSection(SolutionConfigurationPlatforms) = preSolution
		Debug|Any CPU = Debug|Any CPU
		Release|Any CPU = Release|Any CPU
	EndGlobalSection
	GlobalSection(ProjectConfigurationPlatforms) = postSolution
		{D27FC5E7-BEC0-41CD-BCE1-A57AE88C5025}.Debug|Any CPU.ActiveCfg = Debug|Any CPU
		{D27FC5E7-BEC0-41CD-BCE1-A57AE88C5025}.Debug|Any CPU.Build.0 = Debug|Any CPU
		{D27FC5E7-BEC0-41CD-BCE1-A57AE88C5025}.Release|Any CPU.ActiveCfg = Release|Any CPU
		{D27FC5E7-BEC0-41CD-BCE1-A57AE88C5025}.Release|Any CPU.Build.0 = Release|Any CPU
	EndGlobalSection
	GlobalSection(SolutionProperties) = preSolution
		HideSolutionNode = FALSE
	EndGlobalSection
	GlobalSection(ExtensibilityGlobals) = postSolution
		SolutionGuid = {49F015DD-A277-44B8-A443-48724A85FBED}
	EndGlobalSection
EndGlobal
